
Microsoft Visual Studio Solution File, Format Version 12.00
# Visual Studio Version 16
VisualStudioVersion = 16.0.30523.141
MinimumVisualStudioVersion = 10.0.40219.1
Project("{FAE04EC0-301F-11D3-BF4B-00C04F79EFBC}") = "ShedCalc", "ShedCalc\ShedCalc.csproj", "{2142C903-6477-483F-A84F-D5724414A8E8}"
EndProject
Global
	GlobalSection(SolutionConfigurationPlatforms) = preSolution
		Debug|Any CPU = Debug|Any CPU
		Release|Any CPU = Release|Any CPU
	EndGlobalSection
	GlobalSection(ProjectConfigurationPlatforms) = postSolution
		{2142C903-6477-483F-A84F-D5724414A8E8}.Debug|Any CPU.ActiveCfg = Debug|Any CPU
		{2142C903-6477-483F-A84F-D5724414A8E8}.Debug|Any CPU.Build.0 = Debug|Any CPU
		{2142C903-6477-483F-A84F-D5724414A8E8}.Release|Any CPU.ActiveCfg = Release|Any CPU
		{2142C903-6477-483F-A84F-D5724414A8E8}.Release|Any CPU.Build.0 = Release|Any CPU
	EndGlobalSection
	GlobalSection(SolutionProperties) = preSolution
		HideSolutionNode = FALSE
	EndGlobalSection
	GlobalSection(ExtensibilityGlobals) = postSolution
		SolutionGuid = {B738F0CB-BB8D-42BA-9293-6C223E933A8B}
	EndGlobalSection
EndGlobal
